{
  "name": "paletteJS",
  "lockfileVersion": 3,
  "requires": true,
  "packages": {
    "": {
      "dependencies": {
        "kwulers": "^0.1.0"
      }
    },
    "node_modules/kwulers": {
      "version": "0.1.0",
      "resolved": "https://registry.npmjs.org/kwulers/-/kwulers-0.1.0.tgz",
      "integrity": "sha512-DA9WPgIAMWtjXfXMhDTgIFBfI+Hsam62ZC5Q6HEHRPMsdgXckNmZwel5VpfvlRRw/jR2IAflDCvZYTNP1zaoCw=="
    }
  }
}
